
Microsoft Visual Studio Solution File, Format Version 12.00
# Visual Studio 15
VisualStudioVersion = 15.0.28307.421
MinimumVisualStudioVersion = 10.0.40219.1
Project("{FAE04EC0-301F-11D3-BF4B-00C04F79EFBC}") = "Shop", "Shop\Shop.csproj", "{7179B701-6E94-4E24-919A-594FA34768AA}"
EndProject
Global
	GlobalSection(SolutionConfigurationPlatforms) = preSolution
		Debug|Any CPU = Debug|Any CPU
		Release|Any CPU = Release|Any CPU
	EndGlobalSection
	GlobalSection(ProjectConfigurationPlatforms) = postSolution
		{7179B701-6E94-4E24-919A-594FA34768AA}.Debug|Any CPU.ActiveCfg = Debug|Any CPU
		{7179B701-6E94-4E24-919A-594FA34768AA}.Debug|Any CPU.Build.0 = Debug|Any CPU
		{7179B701-6E94-4E24-919A-594FA34768AA}.Release|Any CPU.ActiveCfg = Release|Any CPU
		{7179B701-6E94-4E24-919A-594FA34768AA}.Release|Any CPU.Build.0 = Release|Any CPU
	EndGlobalSection
	GlobalSection(SolutionProperties) = preSolution
		HideSolutionNode = FALSE
	EndGlobalSection
	GlobalSection(ExtensibilityGlobals) = postSolution
		SolutionGuid = {4F807721-B935-4BB8-A7BB-B398E8E8E458}
	EndGlobalSection
EndGlobal
